{
    "symfony/contracts": {
        "version": "v1.0.2"
    },
    "symfony/security-core": {
        "version": "v4.2.3"
    },
    "symfony/security-csrf": {
        "version": "v4.2.3"
    },
    "symfony/security-guard": {
        "version": "v4.2.3"
    },
    "symfony/security-http": {
        "version": "v4.2.3"
    },
    "symfony/translation": {
        "version": "3.3",
        "recipe": {
            "repo": "github.com/symfony/recipes",
            "branch": "master",
            "version": "3.3",
            "ref": "1fb02a6e1c8f3d4232cce485c9afa868d63b115a"
        }
    },
    "symfony/var-exporter": {
        "version": "v4.2.3"
    }
}
