{
    "symfony/security-core": {
        "version": "v4.2.3"
    },
    "symfony/security-csrf": {
        "version": "v4.2.3"
    },
    "symfony/security-guard": {
        "version": "v4.2.3"
    },
    "symfony/security-http": {
        "version": "v4.2.3"
    },
    "symfony/var-exporter": {
        "version": "v4.2.3"
    }
}
