{
    "api-platform/api-pack": {
        "version": "v1.2.0"
    },
    "api-platform/core": {
        "version": "2.1",
        "recipe": {
            "repo": "github.com/symfony/recipes",
            "branch": "master",
            "version": "2.1",
            "ref": "18727d8f229306860b46955f438e1897421da689"
        }
    },
    "beberlei/doctrineextensions": {
        "version": "v1.2.0"
    },
    "clue/stream-filter": {
        "version": "v1.4.0"
    },
    "creof/doctrine2-spatial": {
        "version": "1.2.0"
    },
    "creof/geo-parser": {
        "version": "2.2.1"
    },
    "creof/wkb-parser": {
        "version": "v2.3.0"
    },
    "creof/wkt-parser": {
        "version": "2.2.0"
    },
    "doctrine/annotations": {
        "version": "1.0",
        "recipe": {
            "repo": "github.com/symfony/recipes",
            "branch": "master",
            "version": "1.0",
            "ref": "cb4152ebcadbe620ea2261da1a1c5a9b8cea7672"
        }
    },
    "doctrine/cache": {
        "version": "v1.8.0"
    },
    "doctrine/collections": {
        "version": "v1.5.0"
    },
    "doctrine/common": {
        "version": "v2.10.0"
    },
    "doctrine/data-fixtures": {
        "version": "1.4.3"
    },
    "doctrine/dbal": {
        "version": "v2.9.2"
    },
    "doctrine/doctrine-bundle": {
        "version": "1.6",
        "recipe": {
            "repo": "github.com/symfony/recipes",
            "branch": "master",
            "version": "1.6",
            "ref": "453e89b78ded666f351617baca5ae40d20622351"
        }
    },
    "doctrine/doctrine-cache-bundle": {
        "version": "1.3.5"
    },
    "doctrine/doctrine-fixtures-bundle": {
        "version": "3.0",
        "recipe": {
            "repo": "github.com/symfony/recipes",
            "branch": "master",
            "version": "3.0",
            "ref": "e5b542d4ef47d8a003c91beb35650c76907f7e53"
        },
        "files": [
            "src/DataFixtures/AppFixtures.php"
        ]
    },
    "doctrine/doctrine-migrations-bundle": {
        "version": "1.2",
        "recipe": {
            "repo": "github.com/symfony/recipes",
            "branch": "master",
            "version": "1.2",
            "ref": "c1431086fec31f17fbcfe6d6d7e92059458facc1"
        }
    },
    "doctrine/event-manager": {
        "version": "v1.0.0"
    },
    "doctrine/inflector": {
        "version": "v1.3.0"
    },
    "doctrine/instantiator": {
        "version": "1.1.0"
    },
    "doctrine/lexer": {
        "version": "v1.0.1"
    },
    "doctrine/migrations": {
        "version": "v1.8.1"
    },
    "doctrine/orm": {
        "version": "v2.6.3"
    },
    "doctrine/persistence": {
        "version": "v1.1.0"
    },
    "doctrine/reflection": {
        "version": "v1.0.0"
    },
    "edwinhoksberg/php-fcm": {
        "version": "1.0.0"
    },
    "egulias/email-validator": {
        "version": "2.1.8"
    },
    "fig/link-util": {
        "version": "1.0.0"
    },
    "geo6/geocoder-php-addok-provider": {
        "version": "v1.2.0"
    },
    "geocoder-php/bing-maps-provider": {
        "version": "4.0.0"
    },
    "geocoder-php/chain-provider": {
        "version": "4.0.1"
    },
    "geocoder-php/common-http": {
        "version": "4.2.0"
    },
    "geocoder-php/google-maps-provider": {
        "version": "4.3.0"
    },
    "geocoder-php/here-provider": {
        "version": "0.1.0"
    },
    "geocoder-php/open-cage-provider": {
        "version": "4.2.0"
    },
    "geocoder-php/plugin": {
        "version": "1.1.0"
    },
    "gesdinet/jwt-refresh-token-bundle": {
        "version": "v0.9.1"
    },
    "guzzlehttp/guzzle": {
        "version": "6.3.3"
    },
    "guzzlehttp/promises": {
        "version": "v1.3.1"
    },
    "guzzlehttp/psr7": {
        "version": "1.5.2"
    },
    "halaxa/json-machine": {
        "version": "0.3.2"
    },
    "imagine/imagine": {
        "version": "v0.7.1"
    },
    "jdorn/sql-formatter": {
        "version": "v1.2.17"
    },
    "jms/metadata": {
        "version": "1.7.0"
    },
    "knplabs/knp-snappy": {
        "version": "v1.2.1"
    },
    "knplabs/knp-snappy-bundle": {
        "version": "1.5",
        "recipe": {
            "repo": "github.com/symfony/recipes-contrib",
            "branch": "master",
            "version": "1.5",
            "ref": "c81bdcf4a9d4e7b1959071457f9608631865d381"
        },
        "files": [
            "config/packages/knp_snappy.yaml"
        ]
    },
    "laminas/laminas-code": {
        "version": "3.4.1"
    },
    "laminas/laminas-eventmanager": {
        "version": "3.2.1"
    },
    "laminas/laminas-zendframework-bridge": {
        "version": "1.0.4"
    },
    "lcobucci/jwt": {
        "version": "3.2.5"
    },
    "lexik/jwt-authentication-bundle": {
        "version": "2.5",
        "recipe": {
            "repo": "github.com/symfony/recipes",
            "branch": "master",
            "version": "2.5",
            "ref": "509b1542f3180a1cfe248ade8b7bf5092c2d4127"
        }
    },
    "liip/imagine-bundle": {
        "version": "1.8",
        "recipe": {
            "repo": "github.com/symfony/recipes-contrib",
            "branch": "master",
            "version": "1.8",
            "ref": "523b4b0cfb88dc8637cb56e427e6be7718bdce32"
        }
    },
    "mandrill/mandrill": {
        "version": "1.0.55"
    },
    "monolog/monolog": {
        "version": "1.24.0"
    },
    "namshi/jose": {
        "version": "7.2.3"
    },
    "nelmio/cors-bundle": {
        "version": "1.5",
        "recipe": {
            "repo": "github.com/symfony/recipes",
            "branch": "master",
            "version": "1.5",
            "ref": "f0436fc35fca88eada758311f8de43bfb61f1980"
        }
    },
    "nikic/php-parser": {
        "version": "v4.2.0"
    },
    "ocramius/package-versions": {
        "version": "1.3.0"
    },
    "ocramius/proxy-manager": {
        "version": "2.2.2"
    },
    "odolbeau/phone-number-bundle": {
        "version": "3.4",
        "recipe": {
            "repo": "github.com/symfony/recipes-contrib",
            "branch": "main",
            "version": "3.0",
            "ref": "4388686329b81291918a948cd42891829fb1de71"
        },
        "files": [
            "config/packages/misd_phone_number.yaml"
        ]
    },
    "php": {
        "version": "7.2"
    },
    "php-http/discovery": {
        "version": "1.6.0"
    },
    "php-http/guzzle6-adapter": {
        "version": "v1.1.1"
    },
    "php-http/httplug": {
        "version": "v1.1.0"
    },
    "php-http/message": {
        "version": "1.7.2"
    },
    "php-http/message-factory": {
        "version": "v1.0.2"
    },
    "php-http/promise": {
        "version": "v1.0.0"
    },
    "phpdocumentor/reflection-common": {
        "version": "1.0.1"
    },
    "phpdocumentor/reflection-docblock": {
        "version": "4.3.0"
    },
    "phpdocumentor/type-resolver": {
        "version": "0.4.0"
    },
    "psr/cache": {
        "version": "1.0.1"
    },
    "psr/container": {
        "version": "1.0.0"
    },
    "psr/http-message": {
        "version": "1.0.1"
    },
    "psr/link": {
        "version": "1.0.0"
    },
    "psr/log": {
        "version": "1.1.0"
    },
    "psr/simple-cache": {
        "version": "1.0.1"
    },
    "ralouphie/getallheaders": {
        "version": "2.0.5"
    },
    "sendinblue/api-v3-sdk": {
        "version": "v7.4.0"
    },
    "sensio/framework-extra-bundle": {
        "version": "5.2",
        "recipe": {
            "repo": "github.com/symfony/recipes",
            "branch": "master",
            "version": "5.2",
            "ref": "fb7e19da7f013d0d422fa9bce16f5c510e27609b"
        }
    },
    "swiftmailer/swiftmailer": {
        "version": "v6.2.1"
    },
    "symfony/asset": {
        "version": "v4.2.3"
    },
    "symfony/cache": {
        "version": "v4.2.3"
    },
    "symfony/cache-contracts": {
        "version": "v2.0.1"
    },
    "symfony/config": {
        "version": "v4.2.3"
    },
    "symfony/console": {
        "version": "3.3",
        "recipe": {
            "repo": "github.com/symfony/recipes",
            "branch": "master",
            "version": "3.3",
            "ref": "0fa049c19069a65f52c1c181d64be3de672c1504"
        }
    },
    "symfony/debug": {
        "version": "v4.2.3"
    },
    "symfony/dependency-injection": {
        "version": "v4.2.3"
    },
    "symfony/doctrine-bridge": {
        "version": "v4.2.3"
    },
    "symfony/dotenv": {
        "version": "v4.2.3"
    },
    "symfony/error-handler": {
        "version": "v4.4.2"
    },
    "symfony/event-dispatcher": {
        "version": "v4.2.3"
    },
    "symfony/event-dispatcher-contracts": {
        "version": "v1.1.7"
    },
    "symfony/expression-language": {
        "version": "v4.2.3"
    },
    "symfony/filesystem": {
        "version": "v4.2.3"
    },
    "symfony/finder": {
        "version": "v4.2.3"
    },
    "symfony/flex": {
        "version": "1.0",
        "recipe": {
            "repo": "github.com/symfony/recipes",
            "branch": "master",
            "version": "1.0",
            "ref": "dc3fc2e0334a4137c47cfd5a3ececc601fa61a0b"
        }
    },
    "symfony/form": {
        "version": "v4.2.3"
    },
    "symfony/framework-bundle": {
        "version": "4.2",
        "recipe": {
            "repo": "github.com/symfony/recipes",
            "branch": "master",
            "version": "4.2",
            "ref": "5bb3a8c27df824d195fa68bb635d074854f8498f"
        }
    },
    "symfony/http-foundation": {
        "version": "v4.2.3"
    },
    "symfony/http-kernel": {
        "version": "v4.2.3"
    },
    "symfony/inflector": {
        "version": "v4.2.3"
    },
    "symfony/intl": {
        "version": "v4.2.3"
    },
    "symfony/maker-bundle": {
        "version": "1.0",
        "recipe": {
            "repo": "github.com/symfony/recipes",
            "branch": "master",
            "version": "1.0",
            "ref": "fadbfe33303a76e25cb63401050439aa9b1a9c7f"
        }
    },
    "symfony/mime": {
        "version": "v4.3.3"
    },
    "symfony/monolog-bridge": {
        "version": "v4.2.3"
    },
    "symfony/monolog-bundle": {
        "version": "3.1",
        "recipe": {
            "repo": "github.com/symfony/recipes",
            "branch": "master",
            "version": "3.1",
            "ref": "18ebf5a940573a20de06f9c4060101eeb438cf3d"
        }
    },
    "symfony/options-resolver": {
        "version": "v4.2.3"
    },
    "symfony/polyfill-intl-grapheme": {
        "version": "v1.17.1"
    },
    "symfony/polyfill-intl-icu": {
        "version": "v1.10.0"
    },
    "symfony/polyfill-intl-idn": {
        "version": "v1.11.0"
    },
    "symfony/polyfill-intl-normalizer": {
        "version": "v1.17.1"
    },
    "symfony/polyfill-mbstring": {
        "version": "v1.10.0"
    },
    "symfony/polyfill-php72": {
        "version": "v1.11.0"
    },
    "symfony/polyfill-php73": {
        "version": "v1.11.0"
    },
    "symfony/polyfill-php80": {
        "version": "v1.17.1"
    },
    "symfony/process": {
        "version": "v4.2.3"
    },
    "symfony/property-access": {
        "version": "v4.2.3"
    },
    "symfony/property-info": {
        "version": "v4.2.3"
    },
    "symfony/routing": {
        "version": "4.2",
        "recipe": {
            "repo": "github.com/symfony/recipes",
            "branch": "master",
            "version": "4.2",
            "ref": "5374e24d508ba8fd6ba9eb15170255fdb778316a"
        }
    },
    "symfony/security-bundle": {
        "version": "3.3",
        "recipe": {
            "repo": "github.com/symfony/recipes",
            "branch": "master",
            "version": "3.3",
            "ref": "f8a63faa0d9521526499c0a8f403c9964ecb0527"
        }
    },
    "symfony/security-core": {
        "version": "v4.2.3"
    },
    "symfony/security-csrf": {
        "version": "v4.2.3"
    },
    "symfony/security-guard": {
        "version": "v4.2.3"
    },
    "symfony/security-http": {
        "version": "v4.2.3"
    },
    "symfony/serializer": {
        "version": "v4.2.3"
    },
    "symfony/service-contracts": {
        "version": "v1.1.8"
    },
    "symfony/string": {
        "version": "v5.1.2"
    },
    "symfony/swiftmailer-bundle": {
        "version": "2.5",
        "recipe": {
            "repo": "github.com/symfony/recipes",
            "branch": "master",
            "version": "2.5",
            "ref": "3db029c03e452b4a23f7fc45cec7c922c2247eb8"
        },
        "files": [
            "config/packages/dev/swiftmailer.yaml",
            "config/packages/swiftmailer.yaml",
            "config/packages/test/swiftmailer.yaml"
        ]
    },
    "symfony/templating": {
        "version": "v4.2.3"
    },
    "symfony/translation": {
        "version": "3.3",
        "recipe": {
            "repo": "github.com/symfony/recipes",
            "branch": "master",
            "version": "3.3",
            "ref": "1fb02a6e1c8f3d4232cce485c9afa868d63b115a"
        }
    },
    "symfony/translation-contracts": {
        "version": "v2.0.1"
    },
    "symfony/twig-bridge": {
        "version": "v4.2.3"
    },
    "symfony/twig-bundle": {
        "version": "3.3",
        "recipe": {
            "repo": "github.com/symfony/recipes",
            "branch": "master",
            "version": "3.3",
            "ref": "369b5b29dc52b2c190002825ae7ec24ab6f962dd"
        }
    },
    "symfony/validator": {
        "version": "4.1",
        "recipe": {
            "repo": "github.com/symfony/recipes",
            "branch": "master",
            "version": "4.1",
            "ref": "0cdc982334f45d554957a6167e030482795bf9d7"
        }
    },
    "symfony/var-dumper": {
        "version": "v4.4.2"
    },
    "symfony/var-exporter": {
        "version": "v4.2.3"
    },
    "symfony/web-link": {
        "version": "v4.2.5"
    },
    "symfony/web-server-bundle": {
        "version": "3.3",
        "recipe": {
            "repo": "github.com/symfony/recipes",
            "branch": "master",
            "version": "3.3",
            "ref": "dae9b39fd6717970be7601101ce5aa960bf53d9a"
        }
    },
    "symfony/yaml": {
        "version": "v4.2.3"
    },
    "twig/intl-extra": {
        "version": "v3.1.0"
    },
    "twig/twig": {
        "version": "v2.6.2"
    },
    "vich/uploader-bundle": {
        "version": "1.5",
        "recipe": {
            "repo": "github.com/symfony/recipes-contrib",
            "branch": "master",
            "version": "1.5",
            "ref": "c4f5755b37fb65b9c6a3cbdae91205c15a137ed4"
        }
    },
    "webmozart/assert": {
        "version": "1.4.0"
    },
    "willdurand/geocoder": {
        "version": "4.2.1"
    },
    "willdurand/geocoder-bundle": {
        "version": "5.0",
        "recipe": {
            "repo": "github.com/symfony/recipes-contrib",
            "branch": "master",
            "version": "5.0",
            "ref": "b272ad4fbfcd45a20e7cbfdc4ad1b0e27a62fd3b"
        }
    },
    "willdurand/negotiation": {
        "version": "v2.3.1"
    },
    "zendframework/zend-code": {
        "version": "3.3.1"
    },
    "zendframework/zend-eventmanager": {
        "version": "3.2.1"
    }
}
